
Microsoft Visual Studio Solution File, Format Version 12.00
# Visual Studio Version 16
VisualStudioVersion = 16.0.29926.136
MinimumVisualStudioVersion = 10.0.40219.1
Project("{FAE04EC0-301F-11D3-BF4B-00C04F79EFBC}") = "FLG-RP Launcher", "ASG-RP Launcher\FLG-RP Launcher.csproj", "{3D10ECC2-80C2-4E74-87AB-C4CE2C30F5F3}"
EndProject
Global
	GlobalSection(SolutionConfigurationPlatforms) = preSolution
		Debug|Any CPU = Debug|Any CPU
		Release|Any CPU = Release|Any CPU
	EndGlobalSection
	GlobalSection(ProjectConfigurationPlatforms) = postSolution
		{3D10ECC2-80C2-4E74-87AB-C4CE2C30F5F3}.Debug|Any CPU.ActiveCfg = Debug|Any CPU
		{3D10ECC2-80C2-4E74-87AB-C4CE2C30F5F3}.Debug|Any CPU.Build.0 = Debug|Any CPU
		{3D10ECC2-80C2-4E74-87AB-C4CE2C30F5F3}.Release|Any CPU.ActiveCfg = Release|Any CPU
		{3D10ECC2-80C2-4E74-87AB-C4CE2C30F5F3}.Release|Any CPU.Build.0 = Release|Any CPU
	EndGlobalSection
	GlobalSection(SolutionProperties) = preSolution
		HideSolutionNode = FALSE
	EndGlobalSection
	GlobalSection(ExtensibilityGlobals) = postSolution
		SolutionGuid = {F3F08DAC-4A2E-4D8D-89D0-A9C5CA157680}
	EndGlobalSection
EndGlobal
